
Microsoft Visual Studio Solution File, Format Version 12.00
# Visual Studio 15
VisualStudioVersion = 15.0.27130.2010
MinimumVisualStudioVersion = 10.0.40219.1
Project("{FAE04EC0-301F-11D3-BF4B-00C04F79EFBC}") = "JsonParser", "JsonParser\JsonParser.csproj", "{312A684A-F0BC-4E84-B13D-2D90000ECA03}"
EndProject
Global
	GlobalSection(SolutionConfigurationPlatforms) = preSolution
		Debug|Any CPU = Debug|Any CPU
		Release|Any CPU = Release|Any CPU
	EndGlobalSection
	GlobalSection(ProjectConfigurationPlatforms) = postSolution
		{312A684A-F0BC-4E84-B13D-2D90000ECA03}.Debug|Any CPU.ActiveCfg = Debug|Any CPU
		{312A684A-F0BC-4E84-B13D-2D90000ECA03}.Debug|Any CPU.Build.0 = Debug|Any CPU
		{312A684A-F0BC-4E84-B13D-2D90000ECA03}.Release|Any CPU.ActiveCfg = Release|Any CPU
		{312A684A-F0BC-4E84-B13D-2D90000ECA03}.Release|Any CPU.Build.0 = Release|Any CPU
	EndGlobalSection
	GlobalSection(SolutionProperties) = preSolution
		HideSolutionNode = FALSE
	EndGlobalSection
	GlobalSection(ExtensibilityGlobals) = postSolution
		SolutionGuid = {46968B2E-2D9D-487C-854B-E96A46D2BAD4}
	EndGlobalSection
EndGlobal
